{
  "originHash" : "1adc583962a965fe9344434dda48e7992e7294753861890aadd312fea5dfef0f",
  "pins" : [
    {
      "identity" : "ansi",
      "kind" : "remoteSourceControl",
      "location" : "https://github.com/leviouwendijk/ANSI",
      "state" : {
        "branch" : "master",
        "revision" : "073d9ca7870b688a312608acf14eae6ba052c0d6"
      }
    },
    {
      "identity" : "arguments",
      "kind" : "remoteSourceControl",
      "location" : "https://github.com/leviouwendijk/Arguments.git",
      "state" : {
        "branch" : "master",
        "revision" : "d35c47e106b42596ac86a8e2afa3e384f3f018cc"
      }
    },
    {
      "identity" : "difference",
      "kind" : "remoteSourceControl",
      "location" : "https://github.com/leviouwendijk/Difference",
      "state" : {
        "branch" : "master",
        "revision" : "ca0f33316fcf56ace04f1f5a1bb178667a291abc"
      }
    },
    {
      "identity" : "primitives",
      "kind" : "remoteSourceControl",
      "location" : "https://github.com/leviouwendijk/Primitives.git",
      "state" : {
        "branch" : "master",
        "revision" : "e112f25245dde3fcc2b87f746a7c090cbe8d2a3b"
      }
    },
    {
      "identity" : "strings",
      "kind" : "remoteSourceControl",
      "location" : "https://github.com/leviouwendijk/Strings",
      "state" : {
        "branch" : "master",
        "revision" : "86a939d7bbb3e25808f88fbcedcee4069a5a5ae1"
      }
    },
    {
      "identity" : "terminal",
      "kind" : "remoteSourceControl",
      "location" : "https://github.com/leviouwendijk/Terminal.git",
      "state" : {
        "branch" : "master",
        "revision" : "0a55bdc55ce07514cf9dc772edef4fa27cbdb2d6"
      }
    },
    {
      "identity" : "testflows",
      "kind" : "remoteSourceControl",
      "location" : "https://github.com/leviouwendijk/TestFlows.git",
      "state" : {
        "branch" : "master",
        "revision" : "cc6f6216e9c77cf2862c047a4666336cc47d25e8"
      }
    }
  ],
  "version" : 3
}
